
Microsoft Visual Studio Solution File, Format Version 12.00
# Visual Studio 15
VisualStudioVersion = 15.0.27428.2015
MinimumVisualStudioVersion = 10.0.40219.1
Project("{FAE04EC0-301F-11D3-BF4B-00C04F79EFBC}") = "WindowsFormsApp1", "WindowsFormsApp1\WindowsFormsApp1.csproj", "{93D78737-1F30-4592-9D78-1C8FB810330C}"
EndProject
Global
	GlobalSection(SolutionConfigurationPlatforms) = preSolution
		Debug|Any CPU = Debug|Any CPU
		Release|Any CPU = Release|Any CPU
	EndGlobalSection
	GlobalSection(ProjectConfigurationPlatforms) = postSolution
		{93D78737-1F30-4592-9D78-1C8FB810330C}.Debug|Any CPU.ActiveCfg = Debug|Any CPU
		{93D78737-1F30-4592-9D78-1C8FB810330C}.Debug|Any CPU.Build.0 = Debug|Any CPU
		{93D78737-1F30-4592-9D78-1C8FB810330C}.Release|Any CPU.ActiveCfg = Release|Any CPU
		{93D78737-1F30-4592-9D78-1C8FB810330C}.Release|Any CPU.Build.0 = Release|Any CPU
	EndGlobalSection
	GlobalSection(SolutionProperties) = preSolution
		HideSolutionNode = FALSE
	EndGlobalSection
	GlobalSection(ExtensibilityGlobals) = postSolution
		SolutionGuid = {BF9A45FF-6641-4E47-9767-6BFF2E7A6453}
	EndGlobalSection
EndGlobal
